
Microsoft Visual Studio Solution File, Format Version 12.00
# Visual Studio Version 16
VisualStudioVersion = 16.0.31205.134
MinimumVisualStudioVersion = 10.0.40219.1
Project("{9A19103F-16F7-4668-BE54-9A1E7A4F7556}") = "OrderBot", "CocktailsBot\OrderBot.csproj", "{57344E15-AE70-4E38-B610-51B811C0621F}"
EndProject
Global
	GlobalSection(SolutionConfigurationPlatforms) = preSolution
		Debug|Any CPU = Debug|Any CPU
		Release|Any CPU = Release|Any CPU
	EndGlobalSection
	GlobalSection(ProjectConfigurationPlatforms) = postSolution
		{57344E15-AE70-4E38-B610-51B811C0621F}.Debug|Any CPU.ActiveCfg = Debug|Any CPU
		{57344E15-AE70-4E38-B610-51B811C0621F}.Debug|Any CPU.Build.0 = Debug|Any CPU
		{57344E15-AE70-4E38-B610-51B811C0621F}.Release|Any CPU.ActiveCfg = Release|Any CPU
		{57344E15-AE70-4E38-B610-51B811C0621F}.Release|Any CPU.Build.0 = Release|Any CPU
	EndGlobalSection
	GlobalSection(SolutionProperties) = preSolution
		HideSolutionNode = FALSE
	EndGlobalSection
	GlobalSection(ExtensibilityGlobals) = postSolution
		SolutionGuid = {04EB3C3B-A622-41A2-9317-82E8CF2C3337}
	EndGlobalSection
EndGlobal
